# @generated - this file is auto-generated by `mise lock` https://mise.jdx.dev/dev-tools/mise-lock.html

lockfile_version = 1

[[tools."github:databricks/cli"]]
version = "1.17.0"
backend = "github:databricks/cli"
specifiers = ["1.17.0"]

[tools."github:databricks/cli"."platforms.linux-arm64"]
checksum = "sha256:709f799f9d1a8bc272ed829f743fbed699581ac71b7e19e5f3419eb0fb120333"
url = "https://github.com/databricks/cli/releases/download/v1.17.0/databricks_cli_1.17.0_linux_arm64.tar.gz"
url_api = "https://api.github.com/repos/databricks/cli/releases/assets/568146977"
provenance = "github-attestations"

[tools."github:databricks/cli"."platforms.linux-arm64-musl"]
checksum = "sha256:709f799f9d1a8bc272ed829f743fbed699581ac71b7e19e5f3419eb0fb120333"
url = "https://github.com/databricks/cli/releases/download/v1.17.0/databricks_cli_1.17.0_linux_arm64.tar.gz"
url_api = "https://api.github.com/repos/databricks/cli/releases/assets/568146977"
provenance = "github-attestations"

[tools."github:databricks/cli"."platforms.linux-x64"]
checksum = "sha256:6b5c1e08f484d33b4e75eabe0ee3ba1bb9d19d7beedd4b14a1e6993f52a01e23"
url = "https://github.com/databricks/cli/releases/download/v1.17.0/databricks_cli_1.17.0_linux_amd64.tar.gz"
url_api = "https://api.github.com/repos/databricks/cli/releases/assets/568146896"
provenance = "github-attestations"
provenance_verified = true

[tools."github:databricks/cli"."platforms.linux-x64-musl"]
checksum = "sha256:6b5c1e08f484d33b4e75eabe0ee3ba1bb9d19d7beedd4b14a1e6993f52a01e23"
url = "https://github.com/databricks/cli/releases/download/v1.17.0/databricks_cli_1.17.0_linux_amd64.tar.gz"
url_api = "https://api.github.com/repos/databricks/cli/releases/assets/568146896"
provenance = "github-attestations"

[tools."github:databricks/cli"."platforms.macos-arm64"]
checksum = "sha256:f45926dd888405c0dffa557be77f61fb129afaf87782401ed7a590f6e1bf849d"
url = "https://github.com/databricks/cli/releases/download/v1.17.0/databricks_cli_1.17.0_darwin_arm64.tar.gz"
url_api = "https://api.github.com/repos/databricks/cli/releases/assets/568146862"
provenance = "github-attestations"

[tools."github:databricks/cli"."platforms.macos-x64"]
checksum = "sha256:00eb45f45fd23adce9e915678d715e28a3d3bff90b0d733fc31f45d9869eaf4f"
url = "https://github.com/databricks/cli/releases/download/v1.17.0/databricks_cli_1.17.0_darwin_amd64.tar.gz"
url_api = "https://api.github.com/repos/databricks/cli/releases/assets/568146868"
provenance = "github-attestations"

[tools."github:databricks/cli"."platforms.windows-x64"]
checksum = "sha256:e3edc115f2aa714eac2a1591a27045cffb3c9e47b1b6da20ed2df083b42d1c98"
url = "https://github.com/databricks/cli/releases/download/v1.17.0/databricks_cli_1.17.0_windows_amd64.zip"
url_api = "https://api.github.com/repos/databricks/cli/releases/assets/568146984"
provenance = "github-attestations"

[[tools.uv]]
version = "0.12.17"
backend = "aqua:astral-sh/uv"
specifiers = ["0.12.17"]

[tools.uv."platforms.linux-arm64"]
checksum = "sha256:d636d1b678e9e7f367ecb22b46bd1cabbed234d6bc3b4d96365d2b507f72f86c"
url = "https://github.com/astral-sh/uv/releases/download/0.12.17/uv-aarch64-unknown-linux-gnu.tar.gz"
url_api = "https://api.github.com/repos/astral-sh/uv/releases/assets/573252936"
provenance = "github-attestations"

[tools.uv."platforms.linux-arm64-musl"]
checksum = "sha256:a6096da273d548cb9f277d237a01ac7344a39ef0f455c0e148e4dc9737c1596b"
url = "https://github.com/astral-sh/uv/releases/download/0.12.17/uv-aarch64-unknown-linux-musl.tar.gz"
url_api = "https://api.github.com/repos/astral-sh/uv/releases/assets/573252947"
provenance = "github-attestations"

[tools.uv."platforms.linux-x64"]
checksum = "sha256:fa82fd8dde8e8eefdecada6aa0889666556cfceb690d06e0c3bca49eb3070a63"
url = "https://github.com/astral-sh/uv/releases/download/0.12.17/uv-x86_64-unknown-linux-gnu.tar.gz"
url_api = "https://api.github.com/repos/astral-sh/uv/releases/assets/573253080"
provenance = "github-attestations"

[tools.uv."platforms.linux-x64-musl"]
checksum = "sha256:6401c4665d8fa2a9893e087c91f585430738e3170f5398a1141483efb4a93310"
url = "https://github.com/astral-sh/uv/releases/download/0.12.17/uv-x86_64-unknown-linux-musl.tar.gz"
url_api = "https://api.github.com/repos/astral-sh/uv/releases/assets/573253085"
provenance = "github-attestations"

[tools.uv."platforms.macos-arm64"]
checksum = "sha256:85f00cbdc6dd3e97eba4c31b4d014375a9fdfe8f570023b84e5102fc3456896b"
url = "https://github.com/astral-sh/uv/releases/download/0.12.17/uv-aarch64-apple-darwin.tar.gz"
url_api = "https://api.github.com/repos/astral-sh/uv/releases/assets/573252913"
provenance = "github-attestations"

[tools.uv."platforms.macos-x64"]
checksum = "sha256:8dcf05a8c809bb3c471d2b614788ba27a6e41298fc8c31ac84b5f4339fd468e5"
url = "https://github.com/astral-sh/uv/releases/download/0.12.17/uv-x86_64-apple-darwin.tar.gz"
url_api = "https://api.github.com/repos/astral-sh/uv/releases/assets/573253060"
provenance = "github-attestations"

[tools.uv."platforms.windows-x64"]
checksum = "sha256:a252121d5b59398fcb137c6ea448176459a44010f33f67e0072305a637119ca7"
url = "https://github.com/astral-sh/uv/releases/download/0.12.17/uv-x86_64-pc-windows-msvc.zip"
url_api = "https://api.github.com/repos/astral-sh/uv/releases/assets/573253071"
provenance = "github-attestations"
